
Microsoft Visual Studio Solution File, Format Version 12.00
# Visual Studio Version 16
VisualStudioVersion = 16.0.32228.343
MinimumVisualStudioVersion = 10.0.40219.1
Project("{FAE04EC0-301F-11D3-BF4B-00C04F79EFBC}") = "znMusicPlayerWPF", "znMusicPlayerWPF\znMusicPlayerWPF.csproj", "{C3C80E4F-08D4-470C-BFA0-4B4240F3E2CD}"
EndProject
Project("{2150E333-8FDC-42A3-9474-1A3956D46DE8}") = "Solution Items", "Solution Items", "{096FFBAE-413D-4B35-AE4D-F4FCDA64BDDC}"
	ProjectSection(SolutionItems) = preProject
		.editorconfig = .editorconfig
	EndProjectSection
EndProject
Global
	GlobalSection(SolutionConfigurationPlatforms) = preSolution
		Debug|Any CPU = Debug|Any CPU
		Release|Any CPU = Release|Any CPU
	EndGlobalSection
	GlobalSection(ProjectConfigurationPlatforms) = postSolution
		{C3C80E4F-08D4-470C-BFA0-4B4240F3E2CD}.Debug|Any CPU.ActiveCfg = Debug|Any CPU
		{C3C80E4F-08D4-470C-BFA0-4B4240F3E2CD}.Debug|Any CPU.Build.0 = Debug|Any CPU
		{C3C80E4F-08D4-470C-BFA0-4B4240F3E2CD}.Release|Any CPU.ActiveCfg = Release|Any CPU
		{C3C80E4F-08D4-470C-BFA0-4B4240F3E2CD}.Release|Any CPU.Build.0 = Release|Any CPU
	EndGlobalSection
	GlobalSection(SolutionProperties) = preSolution
		HideSolutionNode = FALSE
	EndGlobalSection
	GlobalSection(ExtensibilityGlobals) = postSolution
		SolutionGuid = {2A056225-1E64-417B-BDAB-856C55807289}
	EndGlobalSection
EndGlobal
